// !$*UTF8*$!
{
	archiveVersion = 1;
	classes = {
	};
	objectVersion = 50;
	objects = {

/* Begin PBXBuildFile section */
		A8475E9921B02DC80002352F /* AppDelegate.swift in Sources */ = {isa = PBXBuildFile; fileRef = A8475E9821B02DC80002352F /* AppDelegate.swift */; };
		A8475E9B21B02DC80002352F /* ViewController.swift in Sources */ = {isa = PBXBuildFile; fileRef = A8475E9A21B02DC80002352F /* ViewController.swift */; };
		A8475E9E21B02DC80002352F /* Main.storyboard in Resources */ = {isa = PBXBuildFile; fileRef = A8475E9C21B02DC80002352F /* Main.storyboard */; };
		A8475EA021B02DCA0002352F /* Assets.xcassets in Resources */ = {isa = PBXBuildFile; fileRef = A8475E9F21B02DCA0002352F /* Assets.xcassets */; };
		A8475EA321B02DCA0002352F /* LaunchScreen.storyboard in Resources */ = {isa = PBXBuildFile; fileRef = A8475EA121B02DCA0002352F /* LaunchScreen.storyboard */; };
		A8475EAB21B02E070002352F /* PathMonitorLogger.swift in Sources */ = {isa = PBXBuildFile; fileRef = A8475EAA21B02E070002352F /* PathMonitorLogger.swift */; };
/* End PBXBuildFile section */

/* Begin PBXFileReference section */
		A8475E9521B02DC80002352F /* NetworkPathMonitor.app */ = {isa = PBXFileReference; explicitFileType = wrapper.application; includeInIndex = 0; path = NetworkPathMonitor.app; sourceTree = BUILT_PRODUCTS_DIR; };
		A8475E9821B02DC80002352F /* AppDelegate.swift */ = {isa = PBXFileReference; lastKnownFileType = sourcecode.swift; path = AppDelegate.swift; sourceTree = "<group>"; };
		A8475E9A21B02DC80002352F /* ViewController.swift */ = {isa = PBXFileReference; lastKnownFileType = sourcecode.swift; path = ViewController.swift; sourceTree = "<group>"; };
		A8475E9D21B02DC80002352F /* Base */ = {isa = PBXFileReference; lastKnownFileType = file.storyboard; name = Base; path = Base.lproj/Main.storyboard; sourceTree = "<group>"; };
		A8475E9F21B02DCA0002352F /* Assets.xcassets */ = {isa = PBXFileReference; lastKnownFileType = folder.assetcatalog; path = Assets.xcassets; sourceTree = "<group>"; };
		A8475EA221B02DCA0002352F /* Base */ = {isa = PBXFileReference; lastKnownFileType = file.storyboard; name = Base; path = Base.lproj/LaunchScreen.storyboard; sourceTree = "<group>"; };
		A8475EA421B02DCA0002352F /* Info.plist */ = {isa = PBXFileReference; lastKnownFileType = text.plist.xml; path = Info.plist; sourceTree = "<group>"; };
		A8475EAA21B02E070002352F /* PathMonitorLogger.swift */ = {isa = PBXFileReference; fileEncoding = 4; lastKnownFileType = sourcecode.swift; path = PathMonitorLogger.swift; sourceTree = "<group>"; };
/* End PBXFileReference section */

/* Begin PBXFrameworksBuildPhase section */
		A8475E9221B02DC80002352F /* Frameworks */ = {
			isa = PBXFrameworksBuildPhase;
			buildActionMask = 2147483647;
			files = (
			);
			runOnlyForDeploymentPostprocessing = 0;
		};
/* End PBXFrameworksBuildPhase section */

/* Begin PBXGroup section */
		A8475E8C21B02DC80002352F = {
			isa = PBXGroup;
			children = (
				A8475E9721B02DC80002352F /* NetworkPathMonitor */,
				A8475E9621B02DC80002352F /* Products */,
			);
			sourceTree = "<group>";
		};
		A8475E9621B02DC80002352F /* Products */ = {
			isa = PBXGroup;
			children = (
				A8475E9521B02DC80002352F /* NetworkPathMonitor.app */,
			);
			name = Products;
			sourceTree = "<group>";
		};
		A8475E9721B02DC80002352F /* NetworkPathMonitor */ = {
			isa = PBXGroup;
			children = (
				A8475E9821B02DC80002352F /* AppDelegate.swift */,
				A8475EAA21B02E070002352F /* PathMonitorLogger.swift */,
				A8475E9A21B02DC80002352F /* ViewController.swift */,
				A8475E9C21B02DC80002352F /* Main.storyboard */,
				A8475E9F21B02DCA0002352F /* Assets.xcassets */,
				A8475EA121B02DCA0002352F /* LaunchScreen.storyboard */,
				A8475EA421B02DCA0002352F /* Info.plist */,
			);
			path = NetworkPathMonitor;
			sourceTree = "<group>";
		};
/* End PBXGroup section */

/* Begin PBXNativeTarget section */
		A8475E9421B02DC80002352F /* NetworkPathMonitor */ = {
			isa = PBXNativeTarget;
			buildConfigurationList = A8475EA721B02DCA0002352F /* Build configuration list for PBXNativeTarget "NetworkPathMonitor" */;
			buildPhases = (
				A8475E9121B02DC80002352F /* Sources */,
				A8475E9221B02DC80002352F /* Frameworks */,
				A8475E9321B02DC80002352F /* Resources */,
			);
			buildRules = (
			);
			dependencies = (
			);
			name = NetworkPathMonitor;
			productName = NetworkPathMonitor;
			productReference = A8475E9521B02DC80002352F /* NetworkPathMonitor.app */;
			productType = "com.apple.product-type.application";
		};
/* End PBXNativeTarget section */

/* Begin PBXProject section */
		A8475E8D21B02DC80002352F /* Project object */ = {
			isa = PBXProject;
			attributes = {
				LastSwiftUpdateCheck = 1010;
				LastUpgradeCheck = 1010;
				ORGANIZATIONNAME = "Federico Cappelli";
				TargetAttributes = {
					A8475E9421B02DC80002352F = {
						CreatedOnToolsVersion = 10.1;
					};
				};
			};
			buildConfigurationList = A8475E9021B02DC80002352F /* Build configuration list for PBXProject "NetworkPathMonitor" */;
			compatibilityVersion = "Xcode 9.3";
			developmentRegion = en;
			hasScannedForEncodings = 0;
			knownRegions = (
				en,
				Base,
			);
			mainGroup = A8475E8C21B02DC80002352F;
			productRefGroup = A8475E9621B02DC80002352F /* Products */;
			projectDirPath = "";
			projectRoot = "";
			targets = (
				A8475E9421B02DC80002352F /* NetworkPathMonitor */,
			);
		};
/* End PBXProject section */

/* Begin PBXResourcesBuildPhase section */
		A8475E9321B02DC80002352F /* Resources */ = {
			isa = PBXResourcesBuildPhase;
			buildActionMask = 2147483647;
			files = (
				A8475EA321B02DCA0002352F /* LaunchScreen.storyboard in Resources */,
				A8475EA021B02DCA0002352F /* Assets.xcassets in Resources */,
				A8475E9E21B02DC80002352F /* Main.storyboard in Resources */,
			);
			runOnlyForDeploymentPostprocessing = 0;
		};
/* End PBXResourcesBuildPhase section */

/* Begin PBXSourcesBuildPhase section */
		A8475E9121B02DC80002352F /* Sources */ = {
			isa = PBXSourcesBuildPhase;
			buildActionMask = 2147483647;
			files = (
				A8475EAB21B02E070002352F /* PathMonitorLogger.swift in Sources */,
				A8475E9B21B02DC80002352F /* ViewController.swift in Sources */,
				A8475E9921B02DC80002352F /* AppDelegate.swift in Sources */,
			);
			runOnlyForDeploymentPostprocessing = 0;
		};
/* End PBXSourcesBuildPhase section */

/* Begin PBXVariantGroup section */
		A8475E9C21B02DC80002352F /* Main.storyboard */ = {
			isa = PBXVariantGroup;
			children = (
				A8475E9D21B02DC80002352F /* Base */,
			);
			name = Main.storyboard;
			sourceTree = "<group>";
		};
		A8475EA121B02DCA0002352F /* LaunchScreen.storyboard */ = {
			isa = PBXVariantGroup;
			children = (
				A8475EA221B02DCA0002352F /* Base */,
			);
			name = LaunchScreen.storyboard;
			sourceTree = "<group>";
		};
/* End PBXVariantGroup section */

/* Begin XCBuildConfiguration section */
		A8475EA521B02DCA0002352F /* Debug */ = {
			isa = XCBuildConfiguration;
			buildSettings = {
				ALWAYS_SEARCH_USER_PATHS = NO;
				CLANG_ANALYZER_NONNULL = YES;
				CLANG_ANALYZER_NUMBER_OBJECT_CONVERSION = YES_AGGRESSIVE;
				CLANG_CXX_LANGUAGE_STANDARD = "gnu++14";
				CLANG_CXX_LIBRARY = "libc++";
				CLANG_ENABLE_MODULES = YES;
				CLANG_ENABLE_OBJC_ARC = YES;
				CLANG_ENABLE_OBJC_WEAK = YES;
				CLANG_WARN_BLOCK_CAPTURE_AUTORELEASING = YES;
				CLANG_WARN_BOOL_CONVERSION = YES;
				CLANG_WARN_COMMA = YES;
				CLANG_WARN_CONSTANT_CONVERSION = YES;
				CLANG_WARN_DEPRECATED_OBJC_IMPLEMENTATIONS = YES;
				CLANG_WARN_DIRECT_OBJC_ISA_USAGE = YES_ERROR;
				CLANG_WARN_DOCUMENTATION_COMMENTS = YES;
				CLANG_WARN_EMPTY_BODY = YES;
				CLANG_WARN_ENUM_CONVERSION = YES;
				CLANG_WARN_INFINITE_RECURSION = YES;
				CLANG_WARN_INT_CONVERSION = YES;
				CLANG_WARN_NON_LITERAL_NULL_CONVERSION = YES;
				CLANG_WARN_OBJC_IMPLICIT_RETAIN_SELF = YES;
				CLANG_WARN_OBJC_LITERAL_CONVERSION = YES;
				CLANG_WARN_OBJC_ROOT_CLASS = YES_ERROR;
				CLANG_WARN_RANGE_LOOP_ANALYSIS = YES;
				CLANG_WARN_STRICT_PROTOTYPES = YES;
				CLANG_WARN_SUSPICIOUS_MOVE = YES;
				CLANG_WARN_UNGUARDED_AVAILABILITY = YES_AGGRESSIVE;
				CLANG_WARN_UNREACHABLE_CODE = YES;
				CLANG_WARN__DUPLICATE_METHOD_MATCH = YES;
				CODE_SIGN_IDENTITY = "iPhone Developer";
				COPY_PHASE_STRIP = NO;
				DEBUG_INFORMATION_FORMAT = dwarf;
				ENABLE_STRICT_OBJC_MSGSEND = YES;
				ENABLE_TESTABILITY = YES;
				GCC_C_LANGUAGE_STANDARD = gnu11;
				GCC_DYNAMIC_NO_PIC = NO;
				GCC_NO_COMMON_BLOCKS = YES;
				GCC_OPTIMIZATION_LEVEL = 0;
				GCC_PREPROCESSOR_DEFINITIONS = (
					"DEBUG=1",
					"$(inherited)",
				);
				GCC_WARN_64_TO_32_BIT_CONVERSION = YES;
				GCC_WARN_ABOUT_RETURN_TYPE = YES_ERROR;
				GCC_WARN_UNDECLARED_SELECTOR = YES;
				GCC_WARN_UNINITIALIZED_AUTOS = YES_AGGRESSIVE;
				GCC_WARN_UNUSED_FUNCTION = YES;
				GCC_WARN_UNUSED_VARIABLE = YES;
				IPHONEOS_DEPLOYMENT_TARGET = 12.1;
				MTL_ENABLE_DEBUG_INFO = INCLUDE_SOURCE;
				MTL_FAST_MATH = YES;
				ONLY_ACTIVE_ARCH = YES;
				SDKROOT = iphoneos;
				SWIFT_ACTIVE_COMPILATION_CONDITIONS = DEBUG;
				SWIFT_OPTIMIZATION_LEVEL = "-Onone";
			};
			name = Debug;
		};
		A8475EA621B02DCA0002352F /* Release */ = {
			isa = XCBuildConfiguration;
			buildSettings = {
				ALWAYS_SEARCH_USER_PATHS = NO;
				CLANG_ANALYZER_NONNULL = YES;
				CLANG_ANALYZER_NUMBER_OBJECT_CONVERSION = YES_AGGRESSIVE;
				CLANG_CXX_LANGUAGE_STANDARD = "gnu++14";
				CLANG_CXX_LIBRARY = "libc++";
				CLANG_ENABLE_MODULES = YES;
				CLANG_ENABLE_OBJC_ARC = YES;
				CLANG_ENABLE_OBJC_WEAK = YES;
				CLANG_WARN_BLOCK_CAPTURE_AUTORELEASING = YES;
				CLANG_WARN_BOOL_CONVERSION = YES;
				CLANG_WARN_COMMA = YES;
				CLANG_WARN_CONSTANT_CONVERSION = YES;
				CLANG_WARN_DEPRECATED_OBJC_IMPLEMENTATIONS = YES;
				CLANG_WARN_DIRECT_OBJC_ISA_USAGE = YES_ERROR;
				CLANG_WARN_DOCUMENTATION_COMMENTS = YES;
				CLANG_WARN_EMPTY_BODY = YES;
				CLANG_WARN_ENUM_CONVERSION = YES;
				CLANG_WARN_INFINITE_RECURSION = YES;
				CLANG_WARN_INT_CONVERSION = YES;
				CLANG_WARN_NON_LITERAL_NULL_CONVERSION = YES;
				CLANG_WARN_OBJC_IMPLICIT_RETAIN_SELF = YES;
				CLANG_WARN_OBJC_LITERAL_CONVERSION = YES;
				CLANG_WARN_OBJC_ROOT_CLASS = YES_ERROR;
				CLANG_WARN_RANGE_LOOP_ANALYSIS = YES;
				CLANG_WARN_STRICT_PROTOTYPES = YES;
				CLANG_WARN_SUSPICIOUS_MOVE = YES;
				CLANG_WARN_UNGUARDED_AVAILABILITY = YES_AGGRESSIVE;
				CLANG_WARN_UNREACHABLE_CODE = YES;
				CLANG_WARN__DUPLICATE_METHOD_MATCH = YES;
				CODE_SIGN_IDENTITY = "iPhone Developer";
				COPY_PHASE_STRIP = NO;
				DEBUG_INFORMATION_FORMAT = "dwarf-with-dsym";
				ENABLE_NS_ASSERTIONS = NO;
				ENABLE_STRICT_OBJC_MSGSEND = YES;
				GCC_C_LANGUAGE_STANDARD = gnu11;
				GCC_NO_COMMON_BLOCKS = YES;
				GCC_WARN_64_TO_32_BIT_CONVERSION = YES;
				GCC_WARN_ABOUT_RETURN_TYPE = YES_ERROR;
				GCC_WARN_UNDECLARED_SELECTOR = YES;
				GCC_WARN_UNINITIALIZED_AUTOS = YES_AGGRESSIVE;
				GCC_WARN_UNUSED_FUNCTION = YES;
				GCC_WARN_UNUSED_VARIABLE = YES;
				IPHONEOS_DEPLOYMENT_TARGET = 12.1;
				MTL_ENABLE_DEBUG_INFO = NO;
				MTL_FAST_MATH = YES;
				SDKROOT = iphoneos;
				SWIFT_COMPILATION_MODE = wholemodule;
				SWIFT_OPTIMIZATION_LEVEL = "-O";
				VALIDATE_PRODUCT = YES;
			};
			name = Release;
		};
		A8475EA821B02DCA0002352F /* Debug */ = {
			isa = XCBuildConfiguration;
			buildSettings = {
				ASSETCATALOG_COMPILER_APPICON_NAME = AppIcon;
				CODE_SIGN_STYLE = Automatic;
				DEVELOPMENT_TEAM = "";
				INFOPLIST_FILE = NetworkPathMonitor/Info.plist;
				LD_RUNPATH_SEARCH_PATHS = (
					"$(inherited)",
					"@executable_path/Frameworks",
				);
				PRODUCT_BUNDLE_IDENTIFIER = com.federicocappelli.NetworkPathMonitor;
				PRODUCT_NAME = "$(TARGET_NAME)";
				SWIFT_VERSION = 4.2;
				TARGETED_DEVICE_FAMILY = "1,2";
			};
			name = Debug;
		};
		A8475EA921B02DCA0002352F /* Release */ = {
			isa = XCBuildConfiguration;
			buildSettings = {
				ASSETCATALOG_COMPILER_APPICON_NAME = AppIcon;
				CODE_SIGN_STYLE = Automatic;
				DEVELOPMENT_TEAM = "";
				INFOPLIST_FILE = NetworkPathMonitor/Info.plist;
				LD_RUNPATH_SEARCH_PATHS = (
					"$(inherited)",
					"@executable_path/Frameworks",
				);
				PRODUCT_BUNDLE_IDENTIFIER = com.federicocappelli.NetworkPathMonitor;
				PRODUCT_NAME = "$(TARGET_NAME)";
				SWIFT_VERSION = 4.2;
				TARGETED_DEVICE_FAMILY = "1,2";
			};
			name = Release;
		};
/* End XCBuildConfiguration section */

/* Begin XCConfigurationList section */
		A8475E9021B02DC80002352F /* Build configuration list for PBXProject "NetworkPathMonitor" */ = {
			isa = XCConfigurationList;
			buildConfigurations = (
				A8475EA521B02DCA0002352F /* Debug */,
				A8475EA621B02DCA0002352F /* Release */,
			);
			defaultConfigurationIsVisible = 0;
			defaultConfigurationName = Release;
		};
		A8475EA721B02DCA0002352F /* Build configuration list for PBXNativeTarget "NetworkPathMonitor" */ = {
			isa = XCConfigurationList;
			buildConfigurations = (
				A8475EA821B02DCA0002352F /* Debug */,
				A8475EA921B02DCA0002352F /* Release */,
			);
			defaultConfigurationIsVisible = 0;
			defaultConfigurationName = Release;
		};
/* End XCConfigurationList section */
	};
	rootObject = A8475E8D21B02DC80002352F /* Project object */;
}
